
Microsoft Visual Studio Solution File, Format Version 12.00
# Visual Studio Version 17
VisualStudioVersion = 17.13.35825.156 d17.13
MinimumVisualStudioVersion = 10.0.40219.1
Project("{FAE04EC0-301F-11D3-BF4B-00C04F79EFBC}") = "RPN_Project", "RPN_Project\RPN_Project.csproj", "{1669E277-AFE2-4D93-B255-948B5CD9FFE2}"
EndProject
Global
	GlobalSection(SolutionConfigurationPlatforms) = preSolution
		Debug|Any CPU = Debug|Any CPU
		Release|Any CPU = Release|Any CPU
	EndGlobalSection
	GlobalSection(ProjectConfigurationPlatforms) = postSolution
		{1669E277-AFE2-4D93-B255-948B5CD9FFE2}.Debug|Any CPU.ActiveCfg = Debug|Any CPU
		{1669E277-AFE2-4D93-B255-948B5CD9FFE2}.Debug|Any CPU.Build.0 = Debug|Any CPU
		{1669E277-AFE2-4D93-B255-948B5CD9FFE2}.Release|Any CPU.ActiveCfg = Release|Any CPU
		{1669E277-AFE2-4D93-B255-948B5CD9FFE2}.Release|Any CPU.Build.0 = Release|Any CPU
	EndGlobalSection
	GlobalSection(SolutionProperties) = preSolution
		HideSolutionNode = FALSE
	EndGlobalSection
	GlobalSection(ExtensibilityGlobals) = postSolution
		SolutionGuid = {99194415-72D2-4999-B207-7E9B8210A25C}
	EndGlobalSection
EndGlobal
